// !$*UTF8*$!
{
	archiveVersion = 1;
	classes = {
	};
	objectVersion = 51;
	objects = {

/* Begin PBXBuildFile section */
		2444FFCBA686C85477341EC5 /* Pods_PlonterTests.framework in Frameworks */ = {isa = PBXBuildFile; fileRef = 7C7F7C152D87FD1D2D443FDA /* Pods_PlonterTests.framework */; };
		799464D5D4353F960A04572D /* Pods_PlonterUITests.framework in Frameworks */ = {isa = PBXBuildFile; fileRef = 23C06057DBF1D17C2B8CA7E4 /* Pods_PlonterUITests.framework */; };
		994C0A3C2345DFAB00473FD8 /* DisplayPinViewController.swift in Sources */ = {isa = PBXBuildFile; fileRef = 994C0A3B2345DFAB00473FD8 /* DisplayPinViewController.swift */; };
		99A4ABC7234775C30066612C /* GoogleService-Info.plist in Resources */ = {isa = PBXBuildFile; fileRef = 99A4ABC6234775C30066612C /* GoogleService-Info.plist */; };
		99BAADAD2345587100E4D978 /* AppDelegate.swift in Sources */ = {isa = PBXBuildFile; fileRef = 99BAADAC2345587100E4D978 /* AppDelegate.swift */; };
		99BAADAF2345587100E4D978 /* SceneDelegate.swift in Sources */ = {isa = PBXBuildFile; fileRef = 99BAADAE2345587100E4D978 /* SceneDelegate.swift */; };
		99BAADB12345587100E4D978 /* ViewController.swift in Sources */ = {isa = PBXBuildFile; fileRef = 99BAADB02345587100E4D978 /* ViewController.swift */; };
		99BAADB42345587100E4D978 /* Main.storyboard in Resources */ = {isa = PBXBuildFile; fileRef = 99BAADB22345587100E4D978 /* Main.storyboard */; };
		99BAADB92345587300E4D978 /* Assets.xcassets in Resources */ = {isa = PBXBuildFile; fileRef = 99BAADB82345587300E4D978 /* Assets.xcassets */; };
		99BAADBC2345587300E4D978 /* LaunchScreen.storyboard in Resources */ = {isa = PBXBuildFile; fileRef = 99BAADBA2345587300E4D978 /* LaunchScreen.storyboard */; };
		99BAADC72345587300E4D978 /* PlonterTests.swift in Sources */ = {isa = PBXBuildFile; fileRef = 99BAADC62345587300E4D978 /* PlonterTests.swift */; };
		99BAADD22345587300E4D978 /* PlonterUITests.swift in Sources */ = {isa = PBXBuildFile; fileRef = 99BAADD12345587300E4D978 /* PlonterUITests.swift */; };
		99BAADE023455B3A00E4D978 /* FriendTableViewCell.swift in Sources */ = {isa = PBXBuildFile; fileRef = 99BAADDF23455B3A00E4D978 /* FriendTableViewCell.swift */; };
		99BAADE223455BC300E4D978 /* Colors.swift in Sources */ = {isa = PBXBuildFile; fileRef = 99BAADE123455BC300E4D978 /* Colors.swift */; };
		99F6EC422346565700747E82 /* InputPinViewController.swift in Sources */ = {isa = PBXBuildFile; fileRef = 99F6EC412346565700747E82 /* InputPinViewController.swift */; };
		99F6EC442346631300747E82 /* PartyViewController.swift in Sources */ = {isa = PBXBuildFile; fileRef = 99F6EC432346631300747E82 /* PartyViewController.swift */; };
		99F6EC462346699300747E82 /* UIView+IBDesignables.swift in Sources */ = {isa = PBXBuildFile; fileRef = 99F6EC452346699300747E82 /* UIView+IBDesignables.swift */; };
		CD21492192843C35013801DF /* Pods_Plonter.framework in Frameworks */ = {isa = PBXBuildFile; fileRef = 561E3E92931680A027EF4F55 /* Pods_Plonter.framework */; };
/* End PBXBuildFile section */

/* Begin PBXContainerItemProxy section */
		99BAADC32345587300E4D978 /* PBXContainerItemProxy */ = {
			isa = PBXContainerItemProxy;
			containerPortal = 99BAADA12345587100E4D978 /* Project object */;
			proxyType = 1;
			remoteGlobalIDString = 99BAADA82345587100E4D978;
			remoteInfo = Plonter;
		};
		99BAADCE2345587300E4D978 /* PBXContainerItemProxy */ = {
			isa = PBXContainerItemProxy;
			containerPortal = 99BAADA12345587100E4D978 /* Project object */;
			proxyType = 1;
			remoteGlobalIDString = 99BAADA82345587100E4D978;
			remoteInfo = Plonter;
		};
/* End PBXContainerItemProxy section */

/* Begin PBXFileReference section */
		06FCB8942914C2332AC7C786 /* Pods-PlonterUITests.debug.xcconfig */ = {isa = PBXFileReference; includeInIndex = 1; lastKnownFileType = text.xcconfig; name = "Pods-PlonterUITests.debug.xcconfig"; path = "Target Support Files/Pods-PlonterUITests/Pods-PlonterUITests.debug.xcconfig"; sourceTree = "<group>"; };
		08B7C9221DAA1A561B95EBAA /* Pods-PlonterTests.release.xcconfig */ = {isa = PBXFileReference; includeInIndex = 1; lastKnownFileType = text.xcconfig; name = "Pods-PlonterTests.release.xcconfig"; path = "Target Support Files/Pods-PlonterTests/Pods-PlonterTests.release.xcconfig"; sourceTree = "<group>"; };
		23C06057DBF1D17C2B8CA7E4 /* Pods_PlonterUITests.framework */ = {isa = PBXFileReference; explicitFileType = wrapper.framework; includeInIndex = 0; path = Pods_PlonterUITests.framework; sourceTree = BUILT_PRODUCTS_DIR; };
		4EC6561A3A2F8B0B5B02F0D9 /* Pods-PlonterUITests.release.xcconfig */ = {isa = PBXFileReference; includeInIndex = 1; lastKnownFileType = text.xcconfig; name = "Pods-PlonterUITests.release.xcconfig"; path = "Target Support Files/Pods-PlonterUITests/Pods-PlonterUITests.release.xcconfig"; sourceTree = "<group>"; };
		561E3E92931680A027EF4F55 /* Pods_Plonter.framework */ = {isa = PBXFileReference; explicitFileType = wrapper.framework; includeInIndex = 0; path = Pods_Plonter.framework; sourceTree = BUILT_PRODUCTS_DIR; };
		7C7F7C152D87FD1D2D443FDA /* Pods_PlonterTests.framework */ = {isa = PBXFileReference; explicitFileType = wrapper.framework; includeInIndex = 0; path = Pods_PlonterTests.framework; sourceTree = BUILT_PRODUCTS_DIR; };
		85DFEA139D42780B9A9425B5 /* Pods-Plonter.release.xcconfig */ = {isa = PBXFileReference; includeInIndex = 1; lastKnownFileType = text.xcconfig; name = "Pods-Plonter.release.xcconfig"; path = "Target Support Files/Pods-Plonter/Pods-Plonter.release.xcconfig"; sourceTree = "<group>"; };
		933F47EFF81A590B73440241 /* Pods-Plonter.debug.xcconfig */ = {isa = PBXFileReference; includeInIndex = 1; lastKnownFileType = text.xcconfig; name = "Pods-Plonter.debug.xcconfig"; path = "Target Support Files/Pods-Plonter/Pods-Plonter.debug.xcconfig"; sourceTree = "<group>"; };
		994C0A3B2345DFAB00473FD8 /* DisplayPinViewController.swift */ = {isa = PBXFileReference; lastKnownFileType = sourcecode.swift; path = DisplayPinViewController.swift; sourceTree = "<group>"; };
		994C7B3323477B5500FA62B5 /* Plonter.entitlements */ = {isa = PBXFileReference; lastKnownFileType = text.plist.entitlements; path = Plonter.entitlements; sourceTree = "<group>"; };
		99A4ABC6234775C30066612C /* GoogleService-Info.plist */ = {isa = PBXFileReference; fileEncoding = 4; lastKnownFileType = text.plist.xml; path = "GoogleService-Info.plist"; sourceTree = "<group>"; };
		99BAADA92345587100E4D978 /* Plonter.app */ = {isa = PBXFileReference; explicitFileType = wrapper.application; includeInIndex = 0; path = Plonter.app; sourceTree = BUILT_PRODUCTS_DIR; };
		99BAADAC2345587100E4D978 /* AppDelegate.swift */ = {isa = PBXFileReference; lastKnownFileType = sourcecode.swift; path = AppDelegate.swift; sourceTree = "<group>"; };
		99BAADAE2345587100E4D978 /* SceneDelegate.swift */ = {isa = PBXFileReference; lastKnownFileType = sourcecode.swift; path = SceneDelegate.swift; sourceTree = "<group>"; };
		99BAADB02345587100E4D978 /* ViewController.swift */ = {isa = PBXFileReference; lastKnownFileType = sourcecode.swift; path = ViewController.swift; sourceTree = "<group>"; };
		99BAADB32345587100E4D978 /* Base */ = {isa = PBXFileReference; lastKnownFileType = file.storyboard; name = Base; path = Base.lproj/Main.storyboard; sourceTree = "<group>"; };
		99BAADB82345587300E4D978 /* Assets.xcassets */ = {isa = PBXFileReference; lastKnownFileType = folder.assetcatalog; path = Assets.xcassets; sourceTree = "<group>"; };
		99BAADBB2345587300E4D978 /* Base */ = {isa = PBXFileReference; lastKnownFileType = file.storyboard; name = Base; path = Base.lproj/LaunchScreen.storyboard; sourceTree = "<group>"; };
		99BAADBD2345587300E4D978 /* Info.plist */ = {isa = PBXFileReference; lastKnownFileType = text.plist.xml; path = Info.plist; sourceTree = "<group>"; };
		99BAADC22345587300E4D978 /* PlonterTests.xctest */ = {isa = PBXFileReference; explicitFileType = wrapper.cfbundle; includeInIndex = 0; path = PlonterTests.xctest; sourceTree = BUILT_PRODUCTS_DIR; };
		99BAADC62345587300E4D978 /* PlonterTests.swift */ = {isa = PBXFileReference; lastKnownFileType = sourcecode.swift; path = PlonterTests.swift; sourceTree = "<group>"; };
		99BAADC82345587300E4D978 /* Info.plist */ = {isa = PBXFileReference; lastKnownFileType = text.plist.xml; path = Info.plist; sourceTree = "<group>"; };
		99BAADCD2345587300E4D978 /* PlonterUITests.xctest */ = {isa = PBXFileReference; explicitFileType = wrapper.cfbundle; includeInIndex = 0; path = PlonterUITests.xctest; sourceTree = BUILT_PRODUCTS_DIR; };
		99BAADD12345587300E4D978 /* PlonterUITests.swift */ = {isa = PBXFileReference; lastKnownFileType = sourcecode.swift; path = PlonterUITests.swift; sourceTree = "<group>"; };
		99BAADD32345587300E4D978 /* Info.plist */ = {isa = PBXFileReference; lastKnownFileType = text.plist.xml; path = Info.plist; sourceTree = "<group>"; };
		99BAADDF23455B3A00E4D978 /* FriendTableViewCell.swift */ = {isa = PBXFileReference; lastKnownFileType = sourcecode.swift; path = FriendTableViewCell.swift; sourceTree = "<group>"; };
		99BAADE123455BC300E4D978 /* Colors.swift */ = {isa = PBXFileReference; lastKnownFileType = sourcecode.swift; path = Colors.swift; sourceTree = "<group>"; };
		99F6EC412346565700747E82 /* InputPinViewController.swift */ = {isa = PBXFileReference; lastKnownFileType = sourcecode.swift; path = InputPinViewController.swift; sourceTree = "<group>"; };
		99F6EC432346631300747E82 /* PartyViewController.swift */ = {isa = PBXFileReference; lastKnownFileType = sourcecode.swift; path = PartyViewController.swift; sourceTree = "<group>"; };
		99F6EC452346699300747E82 /* UIView+IBDesignables.swift */ = {isa = PBXFileReference; lastKnownFileType = sourcecode.swift; path = "UIView+IBDesignables.swift"; sourceTree = "<group>"; };
		A447BF1F6243D0832F184962 /* Pods-PlonterTests.debug.xcconfig */ = {isa = PBXFileReference; includeInIndex = 1; lastKnownFileType = text.xcconfig; name = "Pods-PlonterTests.debug.xcconfig"; path = "Target Support Files/Pods-PlonterTests/Pods-PlonterTests.debug.xcconfig"; sourceTree = "<group>"; };
/* End PBXFileReference section */

/* Begin PBXFrameworksBuildPhase section */
		99BAADA62345587100E4D978 /* Frameworks */ = {
			isa = PBXFrameworksBuildPhase;
			buildActionMask = 2147483647;
			files = (
				CD21492192843C35013801DF /* Pods_Plonter.framework in Frameworks */,
			);
			runOnlyForDeploymentPostprocessing = 0;
		};
		99BAADBF2345587300E4D978 /* Frameworks */ = {
			isa = PBXFrameworksBuildPhase;
			buildActionMask = 2147483647;
			files = (
				2444FFCBA686C85477341EC5 /* Pods_PlonterTests.framework in Frameworks */,
			);
			runOnlyForDeploymentPostprocessing = 0;
		};
		99BAADCA2345587300E4D978 /* Frameworks */ = {
			isa = PBXFrameworksBuildPhase;
			buildActionMask = 2147483647;
			files = (
				799464D5D4353F960A04572D /* Pods_PlonterUITests.framework in Frameworks */,
			);
			runOnlyForDeploymentPostprocessing = 0;
		};
/* End PBXFrameworksBuildPhase section */

/* Begin PBXGroup section */
		99BAADA02345587100E4D978 = {
			isa = PBXGroup;
			children = (
				99BAADAB2345587100E4D978 /* Plonter */,
				99BAADC52345587300E4D978 /* PlonterTests */,
				99BAADD02345587300E4D978 /* PlonterUITests */,
				99BAADAA2345587100E4D978 /* Products */,
				E84B9979325DF160D3A0C612 /* Pods */,
				F830BD0904E847102D16950C /* Frameworks */,
			);
			sourceTree = "<group>";
		};
		99BAADAA2345587100E4D978 /* Products */ = {
			isa = PBXGroup;
			children = (
				99BAADA92345587100E4D978 /* Plonter.app */,
				99BAADC22345587300E4D978 /* PlonterTests.xctest */,
				99BAADCD2345587300E4D978 /* PlonterUITests.xctest */,
			);
			name = Products;
			sourceTree = "<group>";
		};
		99BAADAB2345587100E4D978 /* Plonter */ = {
			isa = PBXGroup;
			children = (
				994C7B3323477B5500FA62B5 /* Plonter.entitlements */,
				99BAADAC2345587100E4D978 /* AppDelegate.swift */,
				99BAADAE2345587100E4D978 /* SceneDelegate.swift */,
				99BAADB02345587100E4D978 /* ViewController.swift */,
				99BAADE123455BC300E4D978 /* Colors.swift */,
				99BAADDF23455B3A00E4D978 /* FriendTableViewCell.swift */,
				994C0A3B2345DFAB00473FD8 /* DisplayPinViewController.swift */,
				99F6EC412346565700747E82 /* InputPinViewController.swift */,
				99F6EC432346631300747E82 /* PartyViewController.swift */,
				99BAADB22345587100E4D978 /* Main.storyboard */,
				99F6EC452346699300747E82 /* UIView+IBDesignables.swift */,
				99BAADB82345587300E4D978 /* Assets.xcassets */,
				99BAADBA2345587300E4D978 /* LaunchScreen.storyboard */,
				99BAADBD2345587300E4D978 /* Info.plist */,
				99A4ABC6234775C30066612C /* GoogleService-Info.plist */,
			);
			path = Plonter;
			sourceTree = "<group>";
		};
		99BAADC52345587300E4D978 /* PlonterTests */ = {
			isa = PBXGroup;
			children = (
				99BAADC62345587300E4D978 /* PlonterTests.swift */,
				99BAADC82345587300E4D978 /* Info.plist */,
			);
			path = PlonterTests;
			sourceTree = "<group>";
		};
		99BAADD02345587300E4D978 /* PlonterUITests */ = {
			isa = PBXGroup;
			children = (
				99BAADD12345587300E4D978 /* PlonterUITests.swift */,
				99BAADD32345587300E4D978 /* Info.plist */,
			);
			path = PlonterUITests;
			sourceTree = "<group>";
		};
		E84B9979325DF160D3A0C612 /* Pods */ = {
			isa = PBXGroup;
			children = (
				933F47EFF81A590B73440241 /* Pods-Plonter.debug.xcconfig */,
				85DFEA139D42780B9A9425B5 /* Pods-Plonter.release.xcconfig */,
				A447BF1F6243D0832F184962 /* Pods-PlonterTests.debug.xcconfig */,
				08B7C9221DAA1A561B95EBAA /* Pods-PlonterTests.release.xcconfig */,
				06FCB8942914C2332AC7C786 /* Pods-PlonterUITests.debug.xcconfig */,
				4EC6561A3A2F8B0B5B02F0D9 /* Pods-PlonterUITests.release.xcconfig */,
			);
			path = Pods;
			sourceTree = "<group>";
		};
		F830BD0904E847102D16950C /* Frameworks */ = {
			isa = PBXGroup;
			children = (
				561E3E92931680A027EF4F55 /* Pods_Plonter.framework */,
				7C7F7C152D87FD1D2D443FDA /* Pods_PlonterTests.framework */,
				23C06057DBF1D17C2B8CA7E4 /* Pods_PlonterUITests.framework */,
			);
			name = Frameworks;
			sourceTree = "<group>";
		};
/* End PBXGroup section */

/* Begin PBXNativeTarget section */
		99BAADA82345587100E4D978 /* Plonter */ = {
			isa = PBXNativeTarget;
			buildConfigurationList = 99BAADD62345587300E4D978 /* Build configuration list for PBXNativeTarget "Plonter" */;
			buildPhases = (
				8775577B0D53E0CC732C6B85 /* [CP] Check Pods Manifest.lock */,
				99BAADA52345587100E4D978 /* Sources */,
				99BAADA62345587100E4D978 /* Frameworks */,
				99BAADA72345587100E4D978 /* Resources */,
				D4B674D43188CAC6E20005FE /* [CP] Embed Pods Frameworks */,
			);
			buildRules = (
			);
			dependencies = (
			);
			name = Plonter;
			productName = Plonter;
			productReference = 99BAADA92345587100E4D978 /* Plonter.app */;
			productType = "com.apple.product-type.application";
		};
		99BAADC12345587300E4D978 /* PlonterTests */ = {
			isa = PBXNativeTarget;
			buildConfigurationList = 99BAADD92345587300E4D978 /* Build configuration list for PBXNativeTarget "PlonterTests" */;
			buildPhases = (
				C2837B918828C60C35BCE4EE /* [CP] Check Pods Manifest.lock */,
				99BAADBE2345587300E4D978 /* Sources */,
				99BAADBF2345587300E4D978 /* Frameworks */,
				99BAADC02345587300E4D978 /* Resources */,
			);
			buildRules = (
			);
			dependencies = (
				99BAADC42345587300E4D978 /* PBXTargetDependency */,
			);
			name = PlonterTests;
			productName = PlonterTests;
			productReference = 99BAADC22345587300E4D978 /* PlonterTests.xctest */;
			productType = "com.apple.product-type.bundle.unit-test";
		};
		99BAADCC2345587300E4D978 /* PlonterUITests */ = {
			isa = PBXNativeTarget;
			buildConfigurationList = 99BAADDC2345587300E4D978 /* Build configuration list for PBXNativeTarget "PlonterUITests" */;
			buildPhases = (
				4344C386D049D590B6271976 /* [CP] Check Pods Manifest.lock */,
				99BAADC92345587300E4D978 /* Sources */,
				99BAADCA2345587300E4D978 /* Frameworks */,
				99BAADCB2345587300E4D978 /* Resources */,
			);
			buildRules = (
			);
			dependencies = (
				99BAADCF2345587300E4D978 /* PBXTargetDependency */,
			);
			name = PlonterUITests;
			productName = PlonterUITests;
			productReference = 99BAADCD2345587300E4D978 /* PlonterUITests.xctest */;
			productType = "com.apple.product-type.bundle.ui-testing";
		};
/* End PBXNativeTarget section */

/* Begin PBXProject section */
		99BAADA12345587100E4D978 /* Project object */ = {
			isa = PBXProject;
			attributes = {
				LastSwiftUpdateCheck = 1100;
				LastUpgradeCheck = 1100;
				ORGANIZATIONNAME = "Adam Eliezerov";
				TargetAttributes = {
					99BAADA82345587100E4D978 = {
						CreatedOnToolsVersion = 11.0;
					};
					99BAADC12345587300E4D978 = {
						CreatedOnToolsVersion = 11.0;
						TestTargetID = 99BAADA82345587100E4D978;
					};
					99BAADCC2345587300E4D978 = {
						CreatedOnToolsVersion = 11.0;
						TestTargetID = 99BAADA82345587100E4D978;
					};
				};
			};
			buildConfigurationList = 99BAADA42345587100E4D978 /* Build configuration list for PBXProject "Plonter" */;
			compatibilityVersion = "Xcode 9.3";
			developmentRegion = en;
			hasScannedForEncodings = 0;
			knownRegions = (
				en,
				Base,
			);
			mainGroup = 99BAADA02345587100E4D978;
			productRefGroup = 99BAADAA2345587100E4D978 /* Products */;
			projectDirPath = "";
			projectRoot = "";
			targets = (
				99BAADA82345587100E4D978 /* Plonter */,
				99BAADC12345587300E4D978 /* PlonterTests */,
				99BAADCC2345587300E4D978 /* PlonterUITests */,
			);
		};
/* End PBXProject section */

/* Begin PBXResourcesBuildPhase section */
		99BAADA72345587100E4D978 /* Resources */ = {
			isa = PBXResourcesBuildPhase;
			buildActionMask = 2147483647;
			files = (
				99BAADBC2345587300E4D978 /* LaunchScreen.storyboard in Resources */,
				99A4ABC7234775C30066612C /* GoogleService-Info.plist in Resources */,
				99BAADB92345587300E4D978 /* Assets.xcassets in Resources */,
				99BAADB42345587100E4D978 /* Main.storyboard in Resources */,
			);
			runOnlyForDeploymentPostprocessing = 0;
		};
		99BAADC02345587300E4D978 /* Resources */ = {
			isa = PBXResourcesBuildPhase;
			buildActionMask = 2147483647;
			files = (
			);
			runOnlyForDeploymentPostprocessing = 0;
		};
		99BAADCB2345587300E4D978 /* Resources */ = {
			isa = PBXResourcesBuildPhase;
			buildActionMask = 2147483647;
			files = (
			);
			runOnlyForDeploymentPostprocessing = 0;
		};
/* End PBXResourcesBuildPhase section */

/* Begin PBXShellScriptBuildPhase section */
		4344C386D049D590B6271976 /* [CP] Check Pods Manifest.lock */ = {
			isa = PBXShellScriptBuildPhase;
			buildActionMask = 2147483647;
			files = (
			);
			inputFileListPaths = (
			);
			inputPaths = (
				"${PODS_PODFILE_DIR_PATH}/Podfile.lock",
				"${PODS_ROOT}/Manifest.lock",
			);
			name = "[CP] Check Pods Manifest.lock";
			outputFileListPaths = (
			);
			outputPaths = (
				"$(DERIVED_FILE_DIR)/Pods-PlonterUITests-checkManifestLockResult.txt",
			);
			runOnlyForDeploymentPostprocessing = 0;
			shellPath = /bin/sh;
			shellScript = "diff \"${PODS_PODFILE_DIR_PATH}/Podfile.lock\" \"${PODS_ROOT}/Manifest.lock\" > /dev/null\nif [ $? != 0 ] ; then\n    # print error to STDERR\n    echo \"error: The sandbox is not in sync with the Podfile.lock. Run 'pod install' or update your CocoaPods installation.\" >&2\n    exit 1\nfi\n# This output is used by Xcode 'outputs' to avoid re-running this script phase.\necho \"SUCCESS\" > \"${SCRIPT_OUTPUT_FILE_0}\"\n";
			showEnvVarsInLog = 0;
		};
		8775577B0D53E0CC732C6B85 /* [CP] Check Pods Manifest.lock */ = {
			isa = PBXShellScriptBuildPhase;
			buildActionMask = 2147483647;
			files = (
			);
			inputFileListPaths = (
			);
			inputPaths = (
				"${PODS_PODFILE_DIR_PATH}/Podfile.lock",
				"${PODS_ROOT}/Manifest.lock",
			);
			name = "[CP] Check Pods Manifest.lock";
			outputFileListPaths = (
			);
			outputPaths = (
				"$(DERIVED_FILE_DIR)/Pods-Plonter-checkManifestLockResult.txt",
			);
			runOnlyForDeploymentPostprocessing = 0;
			shellPath = /bin/sh;
			shellScript = "diff \"${PODS_PODFILE_DIR_PATH}/Podfile.lock\" \"${PODS_ROOT}/Manifest.lock\" > /dev/null\nif [ $? != 0 ] ; then\n    # print error to STDERR\n    echo \"error: The sandbox is not in sync with the Podfile.lock. Run 'pod install' or update your CocoaPods installation.\" >&2\n    exit 1\nfi\n# This output is used by Xcode 'outputs' to avoid re-running this script phase.\necho \"SUCCESS\" > \"${SCRIPT_OUTPUT_FILE_0}\"\n";
			showEnvVarsInLog = 0;
		};
		C2837B918828C60C35BCE4EE /* [CP] Check Pods Manifest.lock */ = {
			isa = PBXShellScriptBuildPhase;
			buildActionMask = 2147483647;
			files = (
			);
			inputFileListPaths = (
			);
			inputPaths = (
				"${PODS_PODFILE_DIR_PATH}/Podfile.lock",
				"${PODS_ROOT}/Manifest.lock",
			);
			name = "[CP] Check Pods Manifest.lock";
			outputFileListPaths = (
			);
			outputPaths = (
				"$(DERIVED_FILE_DIR)/Pods-PlonterTests-checkManifestLockResult.txt",
			);
			runOnlyForDeploymentPostprocessing = 0;
			shellPath = /bin/sh;
			shellScript = "diff \"${PODS_PODFILE_DIR_PATH}/Podfile.lock\" \"${PODS_ROOT}/Manifest.lock\" > /dev/null\nif [ $? != 0 ] ; then\n    # print error to STDERR\n    echo \"error: The sandbox is not in sync with the Podfile.lock. Run 'pod install' or update your CocoaPods installation.\" >&2\n    exit 1\nfi\n# This output is used by Xcode 'outputs' to avoid re-running this script phase.\necho \"SUCCESS\" > \"${SCRIPT_OUTPUT_FILE_0}\"\n";
			showEnvVarsInLog = 0;
		};
		D4B674D43188CAC6E20005FE /* [CP] Embed Pods Frameworks */ = {
			isa = PBXShellScriptBuildPhase;
			buildActionMask = 2147483647;
			files = (
			);
			inputFileListPaths = (
				"${PODS_ROOT}/Target Support Files/Pods-Plonter/Pods-Plonter-frameworks-${CONFIGURATION}-input-files.xcfilelist",
			);
			name = "[CP] Embed Pods Frameworks";
			outputFileListPaths = (
				"${PODS_ROOT}/Target Support Files/Pods-Plonter/Pods-Plonter-frameworks-${CONFIGURATION}-output-files.xcfilelist",
			);
			runOnlyForDeploymentPostprocessing = 0;
			shellPath = /bin/sh;
			shellScript = "\"${PODS_ROOT}/Target Support Files/Pods-Plonter/Pods-Plonter-frameworks.sh\"\n";
			showEnvVarsInLog = 0;
		};
/* End PBXShellScriptBuildPhase section */

/* Begin PBXSourcesBuildPhase section */
		99BAADA52345587100E4D978 /* Sources */ = {
			isa = PBXSourcesBuildPhase;
			buildActionMask = 2147483647;
			files = (
				99BAADE223455BC300E4D978 /* Colors.swift in Sources */,
				99F6EC462346699300747E82 /* UIView+IBDesignables.swift in Sources */,
				99BAADB12345587100E4D978 /* ViewController.swift in Sources */,
				99BAADE023455B3A00E4D978 /* FriendTableViewCell.swift in Sources */,
				99F6EC442346631300747E82 /* PartyViewController.swift in Sources */,
				99BAADAD2345587100E4D978 /* AppDelegate.swift in Sources */,
				99F6EC422346565700747E82 /* InputPinViewController.swift in Sources */,
				994C0A3C2345DFAB00473FD8 /* DisplayPinViewController.swift in Sources */,
				99BAADAF2345587100E4D978 /* SceneDelegate.swift in Sources */,
			);
			runOnlyForDeploymentPostprocessing = 0;
		};
		99BAADBE2345587300E4D978 /* Sources */ = {
			isa = PBXSourcesBuildPhase;
			buildActionMask = 2147483647;
			files = (
				99BAADC72345587300E4D978 /* PlonterTests.swift in Sources */,
			);
			runOnlyForDeploymentPostprocessing = 0;
		};
		99BAADC92345587300E4D978 /* Sources */ = {
			isa = PBXSourcesBuildPhase;
			buildActionMask = 2147483647;
			files = (
				99BAADD22345587300E4D978 /* PlonterUITests.swift in Sources */,
			);
			runOnlyForDeploymentPostprocessing = 0;
		};
/* End PBXSourcesBuildPhase section */

/* Begin PBXTargetDependency section */
		99BAADC42345587300E4D978 /* PBXTargetDependency */ = {
			isa = PBXTargetDependency;
			target = 99BAADA82345587100E4D978 /* Plonter */;
			targetProxy = 99BAADC32345587300E4D978 /* PBXContainerItemProxy */;
		};
		99BAADCF2345587300E4D978 /* PBXTargetDependency */ = {
			isa = PBXTargetDependency;
			target = 99BAADA82345587100E4D978 /* Plonter */;
			targetProxy = 99BAADCE2345587300E4D978 /* PBXContainerItemProxy */;
		};
/* End PBXTargetDependency section */

/* Begin PBXVariantGroup section */
		99BAADB22345587100E4D978 /* Main.storyboard */ = {
			isa = PBXVariantGroup;
			children = (
				99BAADB32345587100E4D978 /* Base */,
			);
			name = Main.storyboard;
			sourceTree = "<group>";
		};
		99BAADBA2345587300E4D978 /* LaunchScreen.storyboard */ = {
			isa = PBXVariantGroup;
			children = (
				99BAADBB2345587300E4D978 /* Base */,
			);
			name = LaunchScreen.storyboard;
			sourceTree = "<group>";
		};
/* End PBXVariantGroup section */

/* Begin XCBuildConfiguration section */
		99BAADD42345587300E4D978 /* Debug */ = {
			isa = XCBuildConfiguration;
			buildSettings = {
				ALWAYS_SEARCH_USER_PATHS = NO;
				CLANG_ANALYZER_NONNULL = YES;
				CLANG_ANALYZER_NUMBER_OBJECT_CONVERSION = YES_AGGRESSIVE;
				CLANG_CXX_LANGUAGE_STANDARD = "gnu++14";
				CLANG_CXX_LIBRARY = "libc++";
				CLANG_ENABLE_MODULES = YES;
				CLANG_ENABLE_OBJC_ARC = YES;
				CLANG_ENABLE_OBJC_WEAK = YES;
				CLANG_WARN_BLOCK_CAPTURE_AUTORELEASING = YES;
				CLANG_WARN_BOOL_CONVERSION = YES;
				CLANG_WARN_COMMA = YES;
				CLANG_WARN_CONSTANT_CONVERSION = YES;
				CLANG_WARN_DEPRECATED_OBJC_IMPLEMENTATIONS = YES;
				CLANG_WARN_DIRECT_OBJC_ISA_USAGE = YES_ERROR;
				CLANG_WARN_DOCUMENTATION_COMMENTS = YES;
				CLANG_WARN_EMPTY_BODY = YES;
				CLANG_WARN_ENUM_CONVERSION = YES;
				CLANG_WARN_INFINITE_RECURSION = YES;
				CLANG_WARN_INT_CONVERSION = YES;
				CLANG_WARN_NON_LITERAL_NULL_CONVERSION = YES;
				CLANG_WARN_OBJC_IMPLICIT_RETAIN_SELF = YES;
				CLANG_WARN_OBJC_LITERAL_CONVERSION = YES;
				CLANG_WARN_OBJC_ROOT_CLASS = YES_ERROR;
				CLANG_WARN_RANGE_LOOP_ANALYSIS = YES;
				CLANG_WARN_STRICT_PROTOTYPES = YES;
				CLANG_WARN_SUSPICIOUS_MOVE = YES;
				CLANG_WARN_UNGUARDED_AVAILABILITY = YES_AGGRESSIVE;
				CLANG_WARN_UNREACHABLE_CODE = YES;
				CLANG_WARN__DUPLICATE_METHOD_MATCH = YES;
				COPY_PHASE_STRIP = NO;
				DEBUG_INFORMATION_FORMAT = dwarf;
				ENABLE_STRICT_OBJC_MSGSEND = YES;
				ENABLE_TESTABILITY = YES;
				GCC_C_LANGUAGE_STANDARD = gnu11;
				GCC_DYNAMIC_NO_PIC = NO;
				GCC_NO_COMMON_BLOCKS = YES;
				GCC_OPTIMIZATION_LEVEL = 0;
				GCC_PREPROCESSOR_DEFINITIONS = (
					"DEBUG=1",
					"$(inherited)",
				);
				GCC_WARN_64_TO_32_BIT_CONVERSION = YES;
				GCC_WARN_ABOUT_RETURN_TYPE = YES_ERROR;
				GCC_WARN_UNDECLARED_SELECTOR = YES;
				GCC_WARN_UNINITIALIZED_AUTOS = YES_AGGRESSIVE;
				GCC_WARN_UNUSED_FUNCTION = YES;
				GCC_WARN_UNUSED_VARIABLE = YES;
				IPHONEOS_DEPLOYMENT_TARGET = 12.0;
				MTL_ENABLE_DEBUG_INFO = INCLUDE_SOURCE;
				MTL_FAST_MATH = YES;
				ONLY_ACTIVE_ARCH = YES;
				SDKROOT = iphoneos;
				SWIFT_ACTIVE_COMPILATION_CONDITIONS = DEBUG;
				SWIFT_OPTIMIZATION_LEVEL = "-Onone";
			};
			name = Debug;
		};
		99BAADD52345587300E4D978 /* Release */ = {
			isa = XCBuildConfiguration;
			buildSettings = {
				ALWAYS_SEARCH_USER_PATHS = NO;
				CLANG_ANALYZER_NONNULL = YES;
				CLANG_ANALYZER_NUMBER_OBJECT_CONVERSION = YES_AGGRESSIVE;
				CLANG_CXX_LANGUAGE_STANDARD = "gnu++14";
				CLANG_CXX_LIBRARY = "libc++";
				CLANG_ENABLE_MODULES = YES;
				CLANG_ENABLE_OBJC_ARC = YES;
				CLANG_ENABLE_OBJC_WEAK = YES;
				CLANG_WARN_BLOCK_CAPTURE_AUTORELEASING = YES;
				CLANG_WARN_BOOL_CONVERSION = YES;
				CLANG_WARN_COMMA = YES;
				CLANG_WARN_CONSTANT_CONVERSION = YES;
				CLANG_WARN_DEPRECATED_OBJC_IMPLEMENTATIONS = YES;
				CLANG_WARN_DIRECT_OBJC_ISA_USAGE = YES_ERROR;
				CLANG_WARN_DOCUMENTATION_COMMENTS = YES;
				CLANG_WARN_EMPTY_BODY = YES;
				CLANG_WARN_ENUM_CONVERSION = YES;
				CLANG_WARN_INFINITE_RECURSION = YES;
				CLANG_WARN_INT_CONVERSION = YES;
				CLANG_WARN_NON_LITERAL_NULL_CONVERSION = YES;
				CLANG_WARN_OBJC_IMPLICIT_RETAIN_SELF = YES;
				CLANG_WARN_OBJC_LITERAL_CONVERSION = YES;
				CLANG_WARN_OBJC_ROOT_CLASS = YES_ERROR;
				CLANG_WARN_RANGE_LOOP_ANALYSIS = YES;
				CLANG_WARN_STRICT_PROTOTYPES = YES;
				CLANG_WARN_SUSPICIOUS_MOVE = YES;
				CLANG_WARN_UNGUARDED_AVAILABILITY = YES_AGGRESSIVE;
				CLANG_WARN_UNREACHABLE_CODE = YES;
				CLANG_WARN__DUPLICATE_METHOD_MATCH = YES;
				COPY_PHASE_STRIP = NO;
				DEBUG_INFORMATION_FORMAT = "dwarf-with-dsym";
				ENABLE_NS_ASSERTIONS = NO;
				ENABLE_STRICT_OBJC_MSGSEND = YES;
				GCC_C_LANGUAGE_STANDARD = gnu11;
				GCC_NO_COMMON_BLOCKS = YES;
				GCC_WARN_64_TO_32_BIT_CONVERSION = YES;
				GCC_WARN_ABOUT_RETURN_TYPE = YES_ERROR;
				GCC_WARN_UNDECLARED_SELECTOR = YES;
				GCC_WARN_UNINITIALIZED_AUTOS = YES_AGGRESSIVE;
				GCC_WARN_UNUSED_FUNCTION = YES;
				GCC_WARN_UNUSED_VARIABLE = YES;
				IPHONEOS_DEPLOYMENT_TARGET = 12.0;
				MTL_ENABLE_DEBUG_INFO = NO;
				MTL_FAST_MATH = YES;
				SDKROOT = iphoneos;
				SWIFT_COMPILATION_MODE = wholemodule;
				SWIFT_OPTIMIZATION_LEVEL = "-O";
				VALIDATE_PRODUCT = YES;
			};
			name = Release;
		};
		99BAADD72345587300E4D978 /* Debug */ = {
			isa = XCBuildConfiguration;
			baseConfigurationReference = 933F47EFF81A590B73440241 /* Pods-Plonter.debug.xcconfig */;
			buildSettings = {
				ASSETCATALOG_COMPILER_APPICON_NAME = AppIcon;
				CODE_SIGN_ENTITLEMENTS = Plonter/Plonter.entitlements;
				CODE_SIGN_STYLE = Automatic;
				DEVELOPMENT_TEAM = Z28CSUK723;
				INFOPLIST_FILE = Plonter/Info.plist;
				LD_RUNPATH_SEARCH_PATHS = (
					"$(inherited)",
					"@executable_path/Frameworks",
				);
				PRODUCT_BUNDLE_IDENTIFIER = org.adameliezerov.Plonter;
				PRODUCT_NAME = "$(TARGET_NAME)";
				SWIFT_VERSION = 5.0;
				TARGETED_DEVICE_FAMILY = "1,2";
			};
			name = Debug;
		};
		99BAADD82345587300E4D978 /* Release */ = {
			isa = XCBuildConfiguration;
			baseConfigurationReference = 85DFEA139D42780B9A9425B5 /* Pods-Plonter.release.xcconfig */;
			buildSettings = {
				ASSETCATALOG_COMPILER_APPICON_NAME = AppIcon;
				CODE_SIGN_ENTITLEMENTS = Plonter/Plonter.entitlements;
				CODE_SIGN_STYLE = Automatic;
				DEVELOPMENT_TEAM = Z28CSUK723;
				INFOPLIST_FILE = Plonter/Info.plist;
				LD_RUNPATH_SEARCH_PATHS = (
					"$(inherited)",
					"@executable_path/Frameworks",
				);
				PRODUCT_BUNDLE_IDENTIFIER = org.adameliezerov.Plonter;
				PRODUCT_NAME = "$(TARGET_NAME)";
				SWIFT_VERSION = 5.0;
				TARGETED_DEVICE_FAMILY = "1,2";
			};
			name = Release;
		};
		99BAADDA2345587300E4D978 /* Debug */ = {
			isa = XCBuildConfiguration;
			baseConfigurationReference = A447BF1F6243D0832F184962 /* Pods-PlonterTests.debug.xcconfig */;
			buildSettings = {
				ALWAYS_EMBED_SWIFT_STANDARD_LIBRARIES = YES;
				BUNDLE_LOADER = "$(TEST_HOST)";
				CODE_SIGN_STYLE = Automatic;
				DEVELOPMENT_TEAM = Z28CSUK723;
				INFOPLIST_FILE = PlonterTests/Info.plist;
				IPHONEOS_DEPLOYMENT_TARGET = 13.0;
				LD_RUNPATH_SEARCH_PATHS = (
					"$(inherited)",
					"@executable_path/Frameworks",
					"@loader_path/Frameworks",
				);
				PRODUCT_BUNDLE_IDENTIFIER = org.adameliezerov.PlonterTests;
				PRODUCT_NAME = "$(TARGET_NAME)";
				SWIFT_VERSION = 5.0;
				TARGETED_DEVICE_FAMILY = "1,2";
				TEST_HOST = "$(BUILT_PRODUCTS_DIR)/Plonter.app/Plonter";
			};
			name = Debug;
		};
		99BAADDB2345587300E4D978 /* Release */ = {
			isa = XCBuildConfiguration;
			baseConfigurationReference = 08B7C9221DAA1A561B95EBAA /* Pods-PlonterTests.release.xcconfig */;
			buildSettings = {
				ALWAYS_EMBED_SWIFT_STANDARD_LIBRARIES = YES;
				BUNDLE_LOADER = "$(TEST_HOST)";
				CODE_SIGN_STYLE = Automatic;
				DEVELOPMENT_TEAM = Z28CSUK723;
				INFOPLIST_FILE = PlonterTests/Info.plist;
				IPHONEOS_DEPLOYMENT_TARGET = 13.0;
				LD_RUNPATH_SEARCH_PATHS = (
					"$(inherited)",
					"@executable_path/Frameworks",
					"@loader_path/Frameworks",
				);
				PRODUCT_BUNDLE_IDENTIFIER = org.adameliezerov.PlonterTests;
				PRODUCT_NAME = "$(TARGET_NAME)";
				SWIFT_VERSION = 5.0;
				TARGETED_DEVICE_FAMILY = "1,2";
				TEST_HOST = "$(BUILT_PRODUCTS_DIR)/Plonter.app/Plonter";
			};
			name = Release;
		};
		99BAADDD2345587300E4D978 /* Debug */ = {
			isa = XCBuildConfiguration;
			baseConfigurationReference = 06FCB8942914C2332AC7C786 /* Pods-PlonterUITests.debug.xcconfig */;
			buildSettings = {
				ALWAYS_EMBED_SWIFT_STANDARD_LIBRARIES = YES;
				CODE_SIGN_STYLE = Automatic;
				DEVELOPMENT_TEAM = Z28CSUK723;
				INFOPLIST_FILE = PlonterUITests/Info.plist;
				LD_RUNPATH_SEARCH_PATHS = (
					"$(inherited)",
					"@executable_path/Frameworks",
					"@loader_path/Frameworks",
				);
				PRODUCT_BUNDLE_IDENTIFIER = org.adameliezerov.PlonterUITests;
				PRODUCT_NAME = "$(TARGET_NAME)";
				SWIFT_VERSION = 5.0;
				TARGETED_DEVICE_FAMILY = "1,2";
				TEST_TARGET_NAME = Plonter;
			};
			name = Debug;
		};
		99BAADDE2345587300E4D978 /* Release */ = {
			isa = XCBuildConfiguration;
			baseConfigurationReference = 4EC6561A3A2F8B0B5B02F0D9 /* Pods-PlonterUITests.release.xcconfig */;
			buildSettings = {
				ALWAYS_EMBED_SWIFT_STANDARD_LIBRARIES = YES;
				CODE_SIGN_STYLE = Automatic;
				DEVELOPMENT_TEAM = Z28CSUK723;
				INFOPLIST_FILE = PlonterUITests/Info.plist;
				LD_RUNPATH_SEARCH_PATHS = (
					"$(inherited)",
					"@executable_path/Frameworks",
					"@loader_path/Frameworks",
				);
				PRODUCT_BUNDLE_IDENTIFIER = org.adameliezerov.PlonterUITests;
				PRODUCT_NAME = "$(TARGET_NAME)";
				SWIFT_VERSION = 5.0;
				TARGETED_DEVICE_FAMILY = "1,2";
				TEST_TARGET_NAME = Plonter;
			};
			name = Release;
		};
/* End XCBuildConfiguration section */

/* Begin XCConfigurationList section */
		99BAADA42345587100E4D978 /* Build configuration list for PBXProject "Plonter" */ = {
			isa = XCConfigurationList;
			buildConfigurations = (
				99BAADD42345587300E4D978 /* Debug */,
				99BAADD52345587300E4D978 /* Release */,
			);
			defaultConfigurationIsVisible = 0;
			defaultConfigurationName = Release;
		};
		99BAADD62345587300E4D978 /* Build configuration list for PBXNativeTarget "Plonter" */ = {
			isa = XCConfigurationList;
			buildConfigurations = (
				99BAADD72345587300E4D978 /* Debug */,
				99BAADD82345587300E4D978 /* Release */,
			);
			defaultConfigurationIsVisible = 0;
			defaultConfigurationName = Release;
		};
		99BAADD92345587300E4D978 /* Build configuration list for PBXNativeTarget "PlonterTests" */ = {
			isa = XCConfigurationList;
			buildConfigurations = (
				99BAADDA2345587300E4D978 /* Debug */,
				99BAADDB2345587300E4D978 /* Release */,
			);
			defaultConfigurationIsVisible = 0;
			defaultConfigurationName = Release;
		};
		99BAADDC2345587300E4D978 /* Build configuration list for PBXNativeTarget "PlonterUITests" */ = {
			isa = XCConfigurationList;
			buildConfigurations = (
				99BAADDD2345587300E4D978 /* Debug */,
				99BAADDE2345587300E4D978 /* Release */,
			);
			defaultConfigurationIsVisible = 0;
			defaultConfigurationName = Release;
		};
/* End XCConfigurationList section */
	};
	rootObject = 99BAADA12345587100E4D978 /* Project object */;
}
